{
  "name": "@hologit/lens-npm-run",
  "version": "1.0.0",
  "lockfileVersion": 3,
  "requires": true,
  "packages": {
    "": {
      "name": "@hologit/lens-npm-run",
      "version": "1.0.0",
      "license": "MIT",
      "dependencies": {
        "@hologit/lens-lib": "^0.1.2"
      }
    },
    "node_modules/@hologit/lens-lib": {
      "version": "0.1.6",
      "resolved": "https://registry.npmjs.org/@hologit/lens-lib/-/lens-lib-0.1.6.tgz",
      "integrity": "sha512-hS7tgvpll6Xd6ayhHyHjWu8cizzwVvXl3gqooiyF+A4sIj+KgKHpZQtj3JmNamHGsZzGx8r3nYU+tcJ8D1zFfQ==",
      "license": "MIT"
    }
  }
}
