{
  "name": "@hologit/lens-helm3",
  "version": "1.0.0",
  "lockfileVersion": 3,
  "requires": true,
  "packages": {
    "": {
      "name": "@hologit/lens-helm3",
      "version": "1.0.0",
      "license": "MIT",
      "dependencies": {
        "@hologit/lens-lib": "^0.1.2",
        "@hologit/lens-lib-k8s": "^0.1.2"
      }
    },
    "node_modules/@hologit/lens-lib": {
      "version": "0.1.6",
      "resolved": "https://registry.npmjs.org/@hologit/lens-lib/-/lens-lib-0.1.6.tgz",
      "integrity": "sha512-hS7tgvpll6Xd6ayhHyHjWu8cizzwVvXl3gqooiyF+A4sIj+KgKHpZQtj3JmNamHGsZzGx8r3nYU+tcJ8D1zFfQ==",
      "license": "MIT"
    },
    "node_modules/@hologit/lens-lib-k8s": {
      "version": "0.1.5",
      "resolved": "https://registry.npmjs.org/@hologit/lens-lib-k8s/-/lens-lib-k8s-0.1.5.tgz",
      "integrity": "sha512-D+qllUGMPKhozaOWkAtfnTGJUDCzyy7HXPPj+30cY/nTcE/mfrfJoLM5XgScjfCQo3qD2/MR6cf7U7egYQUiDQ==",
      "license": "MIT",
      "dependencies": {
        "js-yaml": "^4.1.0"
      }
    },
    "node_modules/argparse": {
      "version": "2.0.1",
      "resolved": "https://registry.npmjs.org/argparse/-/argparse-2.0.1.tgz",
      "integrity": "sha512-8+9WqebbFzpX9OR+Wa6O29asIogeRMzcGtAINdpMHHyAg10f05aSFVBbcEqGf/PXw1EjAZ+q2/bEBg3DvurK3Q==",
      "license": "Python-2.0"
    },
    "node_modules/js-yaml": {
      "version": "4.1.0",
      "resolved": "https://registry.npmjs.org/js-yaml/-/js-yaml-4.1.0.tgz",
      "integrity": "sha512-wpxZs9NoxZaJESJGIZTyDEaYpl0FKSA+FB9aJiyemKhMwkxQg63h4T1KJgUGHpTqPDNRcmmYLugrRjJlBtWvRA==",
      "license": "MIT",
      "dependencies": {
        "argparse": "^2.0.1"
      },
      "bin": {
        "js-yaml": "bin/js-yaml.js"
      }
    }
  }
}
